// !$*UTF8*$!
{
	archiveVersion = 1;
	classes = {
	};
	objectVersion = 50;
	objects = {

/* Begin PBXBuildFile section */
		321CB42D24B942F2006B0ADF /* AppDelegate.swift in Sources */ = {isa = PBXBuildFile; fileRef = 321CB42C24B942F2006B0ADF /* AppDelegate.swift */; };
		321CB42F24B942F2006B0ADF /* SceneDelegate.swift in Sources */ = {isa = PBXBuildFile; fileRef = 321CB42E24B942F2006B0ADF /* SceneDelegate.swift */; };
		321CB43124B942F2006B0ADF /* ViewController.swift in Sources */ = {isa = PBXBuildFile; fileRef = 321CB43024B942F2006B0ADF /* ViewController.swift */; };
		321CB43424B942F2006B0ADF /* Main.storyboard in Resources */ = {isa = PBXBuildFile; fileRef = 321CB43224B942F2006B0ADF /* Main.storyboard */; };
		321CB43624B942F5006B0ADF /* Assets.xcassets in Resources */ = {isa = PBXBuildFile; fileRef = 321CB43524B942F5006B0ADF /* Assets.xcassets */; };
		321CB43924B942F5006B0ADF /* LaunchScreen.storyboard in Resources */ = {isa = PBXBuildFile; fileRef = 321CB43724B942F5006B0ADF /* LaunchScreen.storyboard */; };
		321CB44424B94706006B0ADF /* DogAPI.swift in Sources */ = {isa = PBXBuildFile; fileRef = 321CB44324B94706006B0ADF /* DogAPI.swift */; };
		321CB44624B95648006B0ADF /* DogImage.swift in Sources */ = {isa = PBXBuildFile; fileRef = 321CB44524B95648006B0ADF /* DogImage.swift */; };
/* End PBXBuildFile section */

/* Begin PBXFileReference section */
		321CB42924B942F2006B0ADF /* Randog.app */ = {isa = PBXFileReference; explicitFileType = wrapper.application; includeInIndex = 0; path = Randog.app; sourceTree = BUILT_PRODUCTS_DIR; };
		321CB42C24B942F2006B0ADF /* AppDelegate.swift */ = {isa = PBXFileReference; lastKnownFileType = sourcecode.swift; path = AppDelegate.swift; sourceTree = "<group>"; };
		321CB42E24B942F2006B0ADF /* SceneDelegate.swift */ = {isa = PBXFileReference; lastKnownFileType = sourcecode.swift; path = SceneDelegate.swift; sourceTree = "<group>"; };
		321CB43024B942F2006B0ADF /* ViewController.swift */ = {isa = PBXFileReference; lastKnownFileType = sourcecode.swift; path = ViewController.swift; sourceTree = "<group>"; };
		321CB43324B942F2006B0ADF /* Base */ = {isa = PBXFileReference; lastKnownFileType = file.storyboard; name = Base; path = Base.lproj/Main.storyboard; sourceTree = "<group>"; };
		321CB43524B942F5006B0ADF /* Assets.xcassets */ = {isa = PBXFileReference; lastKnownFileType = folder.assetcatalog; path = Assets.xcassets; sourceTree = "<group>"; };
		321CB43824B942F5006B0ADF /* Base */ = {isa = PBXFileReference; lastKnownFileType = file.storyboard; name = Base; path = Base.lproj/LaunchScreen.storyboard; sourceTree = "<group>"; };
		321CB43A24B942F5006B0ADF /* Info.plist */ = {isa = PBXFileReference; lastKnownFileType = text.plist.xml; path = Info.plist; sourceTree = "<group>"; };
		321CB44324B94706006B0ADF /* DogAPI.swift */ = {isa = PBXFileReference; lastKnownFileType = sourcecode.swift; path = DogAPI.swift; sourceTree = "<group>"; };
		321CB44524B95648006B0ADF /* DogImage.swift */ = {isa = PBXFileReference; lastKnownFileType = sourcecode.swift; path = DogImage.swift; sourceTree = "<group>"; };
/* End PBXFileReference section */

/* Begin PBXFrameworksBuildPhase section */
		321CB42624B942F2006B0ADF /* Frameworks */ = {
			isa = PBXFrameworksBuildPhase;
			buildActionMask = 2147483647;
			files = (
			);
			runOnlyForDeploymentPostprocessing = 0;
		};
/* End PBXFrameworksBuildPhase section */

/* Begin PBXGroup section */
		321CB42024B942F2006B0ADF = {
			isa = PBXGroup;
			children = (
				321CB42B24B942F2006B0ADF /* Randog */,
				321CB42A24B942F2006B0ADF /* Products */,
			);
			sourceTree = "<group>";
		};
		321CB42A24B942F2006B0ADF /* Products */ = {
			isa = PBXGroup;
			children = (
				321CB42924B942F2006B0ADF /* Randog.app */,
			);
			name = Products;
			sourceTree = "<group>";
		};
		321CB42B24B942F2006B0ADF /* Randog */ = {
			isa = PBXGroup;
			children = (
				321CB44224B946EE006B0ADF /* Model */,
				321CB44024B94619006B0ADF /* View */,
				321CB44124B94657006B0ADF /* Controller */,
				321CB42E24B942F2006B0ADF /* SceneDelegate.swift */,
				321CB43A24B942F5006B0ADF /* Info.plist */,
			);
			path = Randog;
			sourceTree = "<group>";
		};
		321CB44024B94619006B0ADF /* View */ = {
			isa = PBXGroup;
			children = (
				321CB43224B942F2006B0ADF /* Main.storyboard */,
				321CB43524B942F5006B0ADF /* Assets.xcassets */,
				321CB43724B942F5006B0ADF /* LaunchScreen.storyboard */,
			);
			path = View;
			sourceTree = "<group>";
		};
		321CB44124B94657006B0ADF /* Controller */ = {
			isa = PBXGroup;
			children = (
				321CB42C24B942F2006B0ADF /* AppDelegate.swift */,
				321CB43024B942F2006B0ADF /* ViewController.swift */,
			);
			path = Controller;
			sourceTree = "<group>";
		};
		321CB44224B946EE006B0ADF /* Model */ = {
			isa = PBXGroup;
			children = (
				321CB44324B94706006B0ADF /* DogAPI.swift */,
				321CB44524B95648006B0ADF /* DogImage.swift */,
			);
			path = Model;
			sourceTree = "<group>";
		};
/* End PBXGroup section */

/* Begin PBXNativeTarget section */
		321CB42824B942F2006B0ADF /* Randog */ = {
			isa = PBXNativeTarget;
			buildConfigurationList = 321CB43D24B942F5006B0ADF /* Build configuration list for PBXNativeTarget "Randog" */;
			buildPhases = (
				321CB42524B942F2006B0ADF /* Sources */,
				321CB42624B942F2006B0ADF /* Frameworks */,
				321CB42724B942F2006B0ADF /* Resources */,
			);
			buildRules = (
			);
			dependencies = (
			);
			name = Randog;
			productName = Randog;
			productReference = 321CB42924B942F2006B0ADF /* Randog.app */;
			productType = "com.apple.product-type.application";
		};
/* End PBXNativeTarget section */

/* Begin PBXProject section */
		321CB42124B942F2006B0ADF /* Project object */ = {
			isa = PBXProject;
			attributes = {
				LastSwiftUpdateCheck = 1150;
				LastUpgradeCheck = 1150;
				ORGANIZATIONNAME = "Noel Maldonado";
				TargetAttributes = {
					321CB42824B942F2006B0ADF = {
						CreatedOnToolsVersion = 11.5;
					};
				};
			};
			buildConfigurationList = 321CB42424B942F2006B0ADF /* Build configuration list for PBXProject "Randog" */;
			compatibilityVersion = "Xcode 9.3";
			developmentRegion = en;
			hasScannedForEncodings = 0;
			knownRegions = (
				en,
				Base,
			);
			mainGroup = 321CB42024B942F2006B0ADF;
			productRefGroup = 321CB42A24B942F2006B0ADF /* Products */;
			projectDirPath = "";
			projectRoot = "";
			targets = (
				321CB42824B942F2006B0ADF /* Randog */,
			);
		};
/* End PBXProject section */

/* Begin PBXResourcesBuildPhase section */
		321CB42724B942F2006B0ADF /* Resources */ = {
			isa = PBXResourcesBuildPhase;
			buildActionMask = 2147483647;
			files = (
				321CB43924B942F5006B0ADF /* LaunchScreen.storyboard in Resources */,
				321CB43624B942F5006B0ADF /* Assets.xcassets in Resources */,
				321CB43424B942F2006B0ADF /* Main.storyboard in Resources */,
			);
			runOnlyForDeploymentPostprocessing = 0;
		};
/* End PBXResourcesBuildPhase section */

/* Begin PBXSourcesBuildPhase section */
		321CB42524B942F2006B0ADF /* Sources */ = {
			isa = PBXSourcesBuildPhase;
			buildActionMask = 2147483647;
			files = (
				321CB43124B942F2006B0ADF /* ViewController.swift in Sources */,
				321CB44624B95648006B0ADF /* DogImage.swift in Sources */,
				321CB42D24B942F2006B0ADF /* AppDelegate.swift in Sources */,
				321CB42F24B942F2006B0ADF /* SceneDelegate.swift in Sources */,
				321CB44424B94706006B0ADF /* DogAPI.swift in Sources */,
			);
			runOnlyForDeploymentPostprocessing = 0;
		};
/* End PBXSourcesBuildPhase section */

/* Begin PBXVariantGroup section */
		321CB43224B942F2006B0ADF /* Main.storyboard */ = {
			isa = PBXVariantGroup;
			children = (
				321CB43324B942F2006B0ADF /* Base */,
			);
			name = Main.storyboard;
			sourceTree = "<group>";
		};
		321CB43724B942F5006B0ADF /* LaunchScreen.storyboard */ = {
			isa = PBXVariantGroup;
			children = (
				321CB43824B942F5006B0ADF /* Base */,
			);
			name = LaunchScreen.storyboard;
			sourceTree = "<group>";
		};
/* End PBXVariantGroup section */

/* Begin XCBuildConfiguration section */
		321CB43B24B942F5006B0ADF /* Debug */ = {
			isa = XCBuildConfiguration;
			buildSettings = {
				ALWAYS_SEARCH_USER_PATHS = NO;
				CLANG_ANALYZER_NONNULL = YES;
				CLANG_ANALYZER_NUMBER_OBJECT_CONVERSION = YES_AGGRESSIVE;
				CLANG_CXX_LANGUAGE_STANDARD = "gnu++14";
				CLANG_CXX_LIBRARY = "libc++";
				CLANG_ENABLE_MODULES = YES;
				CLANG_ENABLE_OBJC_ARC = YES;
				CLANG_ENABLE_OBJC_WEAK = YES;
				CLANG_WARN_BLOCK_CAPTURE_AUTORELEASING = YES;
				CLANG_WARN_BOOL_CONVERSION = YES;
				CLANG_WARN_COMMA = YES;
				CLANG_WARN_CONSTANT_CONVERSION = YES;
				CLANG_WARN_DEPRECATED_OBJC_IMPLEMENTATIONS = YES;
				CLANG_WARN_DIRECT_OBJC_ISA_USAGE = YES_ERROR;
				CLANG_WARN_DOCUMENTATION_COMMENTS = YES;
				CLANG_WARN_EMPTY_BODY = YES;
				CLANG_WARN_ENUM_CONVERSION = YES;
				CLANG_WARN_INFINITE_RECURSION = YES;
				CLANG_WARN_INT_CONVERSION = YES;
				CLANG_WARN_NON_LITERAL_NULL_CONVERSION = YES;
				CLANG_WARN_OBJC_IMPLICIT_RETAIN_SELF = YES;
				CLANG_WARN_OBJC_LITERAL_CONVERSION = YES;
				CLANG_WARN_OBJC_ROOT_CLASS = YES_ERROR;
				CLANG_WARN_RANGE_LOOP_ANALYSIS = YES;
				CLANG_WARN_STRICT_PROTOTYPES = YES;
				CLANG_WARN_SUSPICIOUS_MOVE = YES;
				CLANG_WARN_UNGUARDED_AVAILABILITY = YES_AGGRESSIVE;
				CLANG_WARN_UNREACHABLE_CODE = YES;
				CLANG_WARN__DUPLICATE_METHOD_MATCH = YES;
				COPY_PHASE_STRIP = NO;
				DEBUG_INFORMATION_FORMAT = dwarf;
				ENABLE_STRICT_OBJC_MSGSEND = YES;
				ENABLE_TESTABILITY = YES;
				GCC_C_LANGUAGE_STANDARD = gnu11;
				GCC_DYNAMIC_NO_PIC = NO;
				GCC_NO_COMMON_BLOCKS = YES;
				GCC_OPTIMIZATION_LEVEL = 0;
				GCC_PREPROCESSOR_DEFINITIONS = (
					"DEBUG=1",
					"$(inherited)",
				);
				GCC_WARN_64_TO_32_BIT_CONVERSION = YES;
				GCC_WARN_ABOUT_RETURN_TYPE = YES_ERROR;
				GCC_WARN_UNDECLARED_SELECTOR = YES;
				GCC_WARN_UNINITIALIZED_AUTOS = YES_AGGRESSIVE;
				GCC_WARN_UNUSED_FUNCTION = YES;
				GCC_WARN_UNUSED_VARIABLE = YES;
				IPHONEOS_DEPLOYMENT_TARGET = 13.5;
				MTL_ENABLE_DEBUG_INFO = INCLUDE_SOURCE;
				MTL_FAST_MATH = YES;
				ONLY_ACTIVE_ARCH = YES;
				SDKROOT = iphoneos;
				SWIFT_ACTIVE_COMPILATION_CONDITIONS = DEBUG;
				SWIFT_OPTIMIZATION_LEVEL = "-Onone";
			};
			name = Debug;
		};
		321CB43C24B942F5006B0ADF /* Release */ = {
			isa = XCBuildConfiguration;
			buildSettings = {
				ALWAYS_SEARCH_USER_PATHS = NO;
				CLANG_ANALYZER_NONNULL = YES;
				CLANG_ANALYZER_NUMBER_OBJECT_CONVERSION = YES_AGGRESSIVE;
				CLANG_CXX_LANGUAGE_STANDARD = "gnu++14";
				CLANG_CXX_LIBRARY = "libc++";
				CLANG_ENABLE_MODULES = YES;
				CLANG_ENABLE_OBJC_ARC = YES;
				CLANG_ENABLE_OBJC_WEAK = YES;
				CLANG_WARN_BLOCK_CAPTURE_AUTORELEASING = YES;
				CLANG_WARN_BOOL_CONVERSION = YES;
				CLANG_WARN_COMMA = YES;
				CLANG_WARN_CONSTANT_CONVERSION = YES;
				CLANG_WARN_DEPRECATED_OBJC_IMPLEMENTATIONS = YES;
				CLANG_WARN_DIRECT_OBJC_ISA_USAGE = YES_ERROR;
				CLANG_WARN_DOCUMENTATION_COMMENTS = YES;
				CLANG_WARN_EMPTY_BODY = YES;
				CLANG_WARN_ENUM_CONVERSION = YES;
				CLANG_WARN_INFINITE_RECURSION = YES;
				CLANG_WARN_INT_CONVERSION = YES;
				CLANG_WARN_NON_LITERAL_NULL_CONVERSION = YES;
				CLANG_WARN_OBJC_IMPLICIT_RETAIN_SELF = YES;
				CLANG_WARN_OBJC_LITERAL_CONVERSION = YES;
				CLANG_WARN_OBJC_ROOT_CLASS = YES_ERROR;
				CLANG_WARN_RANGE_LOOP_ANALYSIS = YES;
				CLANG_WARN_STRICT_PROTOTYPES = YES;
				CLANG_WARN_SUSPICIOUS_MOVE = YES;
				CLANG_WARN_UNGUARDED_AVAILABILITY = YES_AGGRESSIVE;
				CLANG_WARN_UNREACHABLE_CODE = YES;
				CLANG_WARN__DUPLICATE_METHOD_MATCH = YES;
				COPY_PHASE_STRIP = NO;
				DEBUG_INFORMATION_FORMAT = "dwarf-with-dsym";
				ENABLE_NS_ASSERTIONS = NO;
				ENABLE_STRICT_OBJC_MSGSEND = YES;
				GCC_C_LANGUAGE_STANDARD = gnu11;
				GCC_NO_COMMON_BLOCKS = YES;
				GCC_WARN_64_TO_32_BIT_CONVERSION = YES;
				GCC_WARN_ABOUT_RETURN_TYPE = YES_ERROR;
				GCC_WARN_UNDECLARED_SELECTOR = YES;
				GCC_WARN_UNINITIALIZED_AUTOS = YES_AGGRESSIVE;
				GCC_WARN_UNUSED_FUNCTION = YES;
				GCC_WARN_UNUSED_VARIABLE = YES;
				IPHONEOS_DEPLOYMENT_TARGET = 13.5;
				MTL_ENABLE_DEBUG_INFO = NO;
				MTL_FAST_MATH = YES;
				SDKROOT = iphoneos;
				SWIFT_COMPILATION_MODE = wholemodule;
				SWIFT_OPTIMIZATION_LEVEL = "-O";
				VALIDATE_PRODUCT = YES;
			};
			name = Release;
		};
		321CB43E24B942F5006B0ADF /* Debug */ = {
			isa = XCBuildConfiguration;
			buildSettings = {
				ASSETCATALOG_COMPILER_APPICON_NAME = AppIcon;
				CODE_SIGN_STYLE = Automatic;
				DEVELOPMENT_TEAM = U83ZCJN6UA;
				INFOPLIST_FILE = Randog/Info.plist;
				LD_RUNPATH_SEARCH_PATHS = (
					"$(inherited)",
					"@executable_path/Frameworks",
				);
				PRODUCT_BUNDLE_IDENTIFIER = udacity.iOSDeveloperNanodegree.Randog;
				PRODUCT_NAME = "$(TARGET_NAME)";
				SWIFT_VERSION = 5.0;
				TARGETED_DEVICE_FAMILY = "1,2";
			};
			name = Debug;
		};
		321CB43F24B942F5006B0ADF /* Release */ = {
			isa = XCBuildConfiguration;
			buildSettings = {
				ASSETCATALOG_COMPILER_APPICON_NAME = AppIcon;
				CODE_SIGN_STYLE = Automatic;
				DEVELOPMENT_TEAM = U83ZCJN6UA;
				INFOPLIST_FILE = Randog/Info.plist;
				LD_RUNPATH_SEARCH_PATHS = (
					"$(inherited)",
					"@executable_path/Frameworks",
				);
				PRODUCT_BUNDLE_IDENTIFIER = udacity.iOSDeveloperNanodegree.Randog;
				PRODUCT_NAME = "$(TARGET_NAME)";
				SWIFT_VERSION = 5.0;
				TARGETED_DEVICE_FAMILY = "1,2";
			};
			name = Release;
		};
/* End XCBuildConfiguration section */

/* Begin XCConfigurationList section */
		321CB42424B942F2006B0ADF /* Build configuration list for PBXProject "Randog" */ = {
			isa = XCConfigurationList;
			buildConfigurations = (
				321CB43B24B942F5006B0ADF /* Debug */,
				321CB43C24B942F5006B0ADF /* Release */,
			);
			defaultConfigurationIsVisible = 0;
			defaultConfigurationName = Release;
		};
		321CB43D24B942F5006B0ADF /* Build configuration list for PBXNativeTarget "Randog" */ = {
			isa = XCConfigurationList;
			buildConfigurations = (
				321CB43E24B942F5006B0ADF /* Debug */,
				321CB43F24B942F5006B0ADF /* Release */,
			);
			defaultConfigurationIsVisible = 0;
			defaultConfigurationName = Release;
		};
/* End XCConfigurationList section */
	};
	rootObject = 321CB42124B942F2006B0ADF /* Project object */;
}
